
Microsoft Visual Studio Solution File, Format Version 12.00
# Visual Studio Version 16
VisualStudioVersion = 16.0.29609.76
MinimumVisualStudioVersion = 10.0.40219.1
Project("{2150E333-8FDC-42A3-9474-1A3956D46DE8}") = "Domain", "Domain", "{707A0F26-E129-4DDF-9047-EDCECE52BCF1}"
EndProject
Project("{2150E333-8FDC-42A3-9474-1A3956D46DE8}") = "Infrastructure", "Infrastructure", "{97501995-CCF0-45D7-9A98-865BF54FC341}"
EndProject
Project("{9A19103F-16F7-4668-BE54-9A1E7A4F7556}") = "Vsts.Domain.Service", "Domain\Vsts.Domain.Service\Vsts.Domain.Service.csproj", "{8F387AAC-E3A7-4878-9EFF-0A2F32D77E72}"
EndProject
Project("{9A19103F-16F7-4668-BE54-9A1E7A4F7556}") = "Vsts.Domain.Contract", "Domain\Vsts.Domain.Contract\Vsts.Domain.Contract.csproj", "{E2B215BC-9906-432D-A730-1771D5F6EAD3}"
EndProject
Project("{9A19103F-16F7-4668-BE54-9A1E7A4F7556}") = "Vsts.Infra.Provider", "Infrastructure\Vsts.Infra.Provider\Vsts.Infra.Provider.csproj", "{889C2C28-1920-4E9C-A540-1E5EAE04F218}"
EndProject
Global
	GlobalSection(SolutionConfigurationPlatforms) = preSolution
		Debug|Any CPU = Debug|Any CPU
		Release|Any CPU = Release|Any CPU
	EndGlobalSection
	GlobalSection(ProjectConfigurationPlatforms) = postSolution
		{8F387AAC-E3A7-4878-9EFF-0A2F32D77E72}.Debug|Any CPU.ActiveCfg = Debug|Any CPU
		{8F387AAC-E3A7-4878-9EFF-0A2F32D77E72}.Debug|Any CPU.Build.0 = Debug|Any CPU
		{8F387AAC-E3A7-4878-9EFF-0A2F32D77E72}.Release|Any CPU.ActiveCfg = Release|Any CPU
		{8F387AAC-E3A7-4878-9EFF-0A2F32D77E72}.Release|Any CPU.Build.0 = Release|Any CPU
		{E2B215BC-9906-432D-A730-1771D5F6EAD3}.Debug|Any CPU.ActiveCfg = Debug|Any CPU
		{E2B215BC-9906-432D-A730-1771D5F6EAD3}.Debug|Any CPU.Build.0 = Debug|Any CPU
		{E2B215BC-9906-432D-A730-1771D5F6EAD3}.Release|Any CPU.ActiveCfg = Release|Any CPU
		{E2B215BC-9906-432D-A730-1771D5F6EAD3}.Release|Any CPU.Build.0 = Release|Any CPU
		{889C2C28-1920-4E9C-A540-1E5EAE04F218}.Debug|Any CPU.ActiveCfg = Debug|Any CPU
		{889C2C28-1920-4E9C-A540-1E5EAE04F218}.Debug|Any CPU.Build.0 = Debug|Any CPU
		{889C2C28-1920-4E9C-A540-1E5EAE04F218}.Release|Any CPU.ActiveCfg = Release|Any CPU
		{889C2C28-1920-4E9C-A540-1E5EAE04F218}.Release|Any CPU.Build.0 = Release|Any CPU
	EndGlobalSection
	GlobalSection(SolutionProperties) = preSolution
		HideSolutionNode = FALSE
	EndGlobalSection
	GlobalSection(NestedProjects) = preSolution
		{8F387AAC-E3A7-4878-9EFF-0A2F32D77E72} = {707A0F26-E129-4DDF-9047-EDCECE52BCF1}
		{E2B215BC-9906-432D-A730-1771D5F6EAD3} = {707A0F26-E129-4DDF-9047-EDCECE52BCF1}
		{889C2C28-1920-4E9C-A540-1E5EAE04F218} = {97501995-CCF0-45D7-9A98-865BF54FC341}
	EndGlobalSection
	GlobalSection(ExtensibilityGlobals) = postSolution
		SolutionGuid = {69F59F80-7DC4-4DEF-A965-9FD9077149D2}
	EndGlobalSection
EndGlobal
